
Microsoft Visual Studio Solution File, Format Version 12.00
# Visual Studio 15
VisualStudioVersion = 15.0.27703.2026
MinimumVisualStudioVersion = 10.0.40219.1
Project("{FAE04EC0-301F-11D3-BF4B-00C04F79EFBC}") = "Pac Man", "Pac Man\Pac Man.csproj", "{959D91C4-EAA4-4759-8976-855F20ECE110}"
EndProject
Global
	GlobalSection(SolutionConfigurationPlatforms) = preSolution
		Debug|Any CPU = Debug|Any CPU
		Release|Any CPU = Release|Any CPU
	EndGlobalSection
	GlobalSection(ProjectConfigurationPlatforms) = postSolution
		{959D91C4-EAA4-4759-8976-855F20ECE110}.Debug|Any CPU.ActiveCfg = Debug|Any CPU
		{959D91C4-EAA4-4759-8976-855F20ECE110}.Debug|Any CPU.Build.0 = Debug|Any CPU
		{959D91C4-EAA4-4759-8976-855F20ECE110}.Release|Any CPU.ActiveCfg = Release|Any CPU
		{959D91C4-EAA4-4759-8976-855F20ECE110}.Release|Any CPU.Build.0 = Release|Any CPU
	EndGlobalSection
	GlobalSection(SolutionProperties) = preSolution
		HideSolutionNode = FALSE
	EndGlobalSection
	GlobalSection(ExtensibilityGlobals) = postSolution
		SolutionGuid = {2EA70B5B-8C6F-4B43-97C4-DAE417DB40A8}
	EndGlobalSection
EndGlobal
